uuid: 72d06441-d2bd-4227-bc58-2f48d208b671
langcode: en
status: true
dependencies: {  }
_core:
  default_config_hash: QS5ySiw68Hp2Nwog9pxCYrK6dHL-ODkCXytg-WNr_mI
id: hero_call_to_action_block
label: 'Hero call to action block'
revision: 0
description: 'Hero block with a call to action (for example on the AN homepage)'
